
Microsoft Visual Studio Solution File, Format Version 12.00
# Visual Studio 14
VisualStudioVersion = 14.0.24720.0
MinimumVisualStudioVersion = 10.0.40219.1
Project("{FAE04EC0-301F-11D3-BF4B-00C04F79EFBC}") = "TheNewTwitter", "TheNewTwitter.csproj", "{829872B5-DB3C-4EC2-B6D4-3FCFA81ABA32}"
EndProject
Project("{FAE04EC0-301F-11D3-BF4B-00C04F79EFBC}") = "TheNewTwitterTests", "..\TheNewTwitterTests\TheNewTwitterTests.csproj", "{1ADEAF7B-E3E7-4BCC-8CE8-95C2B733E47D}"
EndProject
Project("{FAE04EC0-301F-11D3-BF4B-00C04F79EFBC}") = "CommandLine", "..\CommandLine\CommandLine.csproj", "{CDD1425F-541B-43CD-9BFC-05A55DA1D8B6}"
EndProject
Global
	GlobalSection(SolutionConfigurationPlatforms) = preSolution
		Debug|Any CPU = Debug|Any CPU
		Release|Any CPU = Release|Any CPU
	EndGlobalSection
	GlobalSection(ProjectConfigurationPlatforms) = postSolution
		{829872B5-DB3C-4EC2-B6D4-3FCFA81ABA32}.Debug|Any CPU.ActiveCfg = Debug|Any CPU
		{829872B5-DB3C-4EC2-B6D4-3FCFA81ABA32}.Debug|Any CPU.Build.0 = Debug|Any CPU
		{829872B5-DB3C-4EC2-B6D4-3FCFA81ABA32}.Release|Any CPU.ActiveCfg = Release|Any CPU
		{829872B5-DB3C-4EC2-B6D4-3FCFA81ABA32}.Release|Any CPU.Build.0 = Release|Any CPU
		{1ADEAF7B-E3E7-4BCC-8CE8-95C2B733E47D}.Debug|Any CPU.ActiveCfg = Debug|Any CPU
		{1ADEAF7B-E3E7-4BCC-8CE8-95C2B733E47D}.Debug|Any CPU.Build.0 = Debug|Any CPU
		{1ADEAF7B-E3E7-4BCC-8CE8-95C2B733E47D}.Release|Any CPU.ActiveCfg = Release|Any CPU
		{1ADEAF7B-E3E7-4BCC-8CE8-95C2B733E47D}.Release|Any CPU.Build.0 = Release|Any CPU
		{CDD1425F-541B-43CD-9BFC-05A55DA1D8B6}.Debug|Any CPU.ActiveCfg = Debug|Any CPU
		{CDD1425F-541B-43CD-9BFC-05A55DA1D8B6}.Debug|Any CPU.Build.0 = Debug|Any CPU
		{CDD1425F-541B-43CD-9BFC-05A55DA1D8B6}.Release|Any CPU.ActiveCfg = Release|Any CPU
		{CDD1425F-541B-43CD-9BFC-05A55DA1D8B6}.Release|Any CPU.Build.0 = Release|Any CPU
	EndGlobalSection
	GlobalSection(SolutionProperties) = preSolution
		HideSolutionNode = FALSE
	EndGlobalSection
EndGlobal
